
Microsoft Visual Studio Solution File, Format Version 12.00
# Visual Studio 15
VisualStudioVersion = 15.0.27703.2042
MinimumVisualStudioVersion = 10.0.40219.1
Project("{FAE04EC0-301F-11D3-BF4B-00C04F79EFBC}") = "ProjectPreparer", "ProjectPreparer\ProjectPreparer.csproj", "{81C911D7-B3A3-4F9B-84C0-80709401706B}"
EndProject
Global
	GlobalSection(SolutionConfigurationPlatforms) = preSolution
		Debug|Any CPU = Debug|Any CPU
		Release|Any CPU = Release|Any CPU
	EndGlobalSection
	GlobalSection(ProjectConfigurationPlatforms) = postSolution
		{81C911D7-B3A3-4F9B-84C0-80709401706B}.Debug|Any CPU.ActiveCfg = Debug|Any CPU
		{81C911D7-B3A3-4F9B-84C0-80709401706B}.Debug|Any CPU.Build.0 = Debug|Any CPU
		{81C911D7-B3A3-4F9B-84C0-80709401706B}.Release|Any CPU.ActiveCfg = Release|Any CPU
		{81C911D7-B3A3-4F9B-84C0-80709401706B}.Release|Any CPU.Build.0 = Release|Any CPU
	EndGlobalSection
	GlobalSection(SolutionProperties) = preSolution
		HideSolutionNode = FALSE
	EndGlobalSection
	GlobalSection(ExtensibilityGlobals) = postSolution
		SolutionGuid = {E773CB80-3EE2-4508-8C26-9857804F67C5}
	EndGlobalSection
EndGlobal
