
Microsoft Visual Studio Solution File, Format Version 12.00
# Visual Studio 15
VisualStudioVersion = 15.0.28307.271
MinimumVisualStudioVersion = 10.0.40219.1
Project("{FAE04EC0-301F-11D3-BF4B-00C04F79EFBC}") = "ProjectCreator", "ProjectCreator\ProjectCreator.csproj", "{AECFAC8C-810D-4A33-A033-18AA42ED6314}"
EndProject
Global
	GlobalSection(SolutionConfigurationPlatforms) = preSolution
		Debug|Any CPU = Debug|Any CPU
		Release|Any CPU = Release|Any CPU
	EndGlobalSection
	GlobalSection(ProjectConfigurationPlatforms) = postSolution
		{AECFAC8C-810D-4A33-A033-18AA42ED6314}.Debug|Any CPU.ActiveCfg = Debug|Any CPU
		{AECFAC8C-810D-4A33-A033-18AA42ED6314}.Debug|Any CPU.Build.0 = Debug|Any CPU
		{AECFAC8C-810D-4A33-A033-18AA42ED6314}.Release|Any CPU.ActiveCfg = Release|Any CPU
		{AECFAC8C-810D-4A33-A033-18AA42ED6314}.Release|Any CPU.Build.0 = Release|Any CPU
	EndGlobalSection
	GlobalSection(SolutionProperties) = preSolution
		HideSolutionNode = FALSE
	EndGlobalSection
	GlobalSection(ExtensibilityGlobals) = postSolution
		SolutionGuid = {50FDD2B4-9E19-4636-8065-786C3698C974}
	EndGlobalSection
EndGlobal
